
Microsoft Visual Studio Solution File, Format Version 12.00
# Visual Studio Version 17
VisualStudioVersion = 17.14.36301.6
MinimumVisualStudioVersion = 10.0.40219.1
Project("{FAE04EC0-301F-11D3-BF4B-00C04F79EFBC}") = "GestionDeInventario", "GestionDeInventario\GestionDeInventario.csproj", "{8B304AC8-179B-4AD4-B181-1641F2C5BBE1}"
EndProject
Project("{FAE04EC0-301F-11D3-BF4B-00C04F79EFBC}") = "GestionDeInventario.Tests", "GestionDeInventario.Tests\GestionDeInventario.Tests.csproj", "{A7CE9850-6C9D-47BA-B5CF-9995C53CB3B9}"
EndProject
Global
	GlobalSection(SolutionConfigurationPlatforms) = preSolution
		Debug|Any CPU = Debug|Any CPU
		Release|Any CPU = Release|Any CPU
	EndGlobalSection
	GlobalSection(ProjectConfigurationPlatforms) = postSolution
		{8B304AC8-179B-4AD4-B181-1641F2C5BBE1}.Debug|Any CPU.ActiveCfg = Debug|Any CPU
		{8B304AC8-179B-4AD4-B181-1641F2C5BBE1}.Debug|Any CPU.Build.0 = Debug|Any CPU
		{8B304AC8-179B-4AD4-B181-1641F2C5BBE1}.Release|Any CPU.ActiveCfg = Release|Any CPU
		{8B304AC8-179B-4AD4-B181-1641F2C5BBE1}.Release|Any CPU.Build.0 = Release|Any CPU
		{A7CE9850-6C9D-47BA-B5CF-9995C53CB3B9}.Debug|Any CPU.ActiveCfg = Debug|Any CPU
		{A7CE9850-6C9D-47BA-B5CF-9995C53CB3B9}.Debug|Any CPU.Build.0 = Debug|Any CPU
		{A7CE9850-6C9D-47BA-B5CF-9995C53CB3B9}.Release|Any CPU.ActiveCfg = Release|Any CPU
		{A7CE9850-6C9D-47BA-B5CF-9995C53CB3B9}.Release|Any CPU.Build.0 = Release|Any CPU
	EndGlobalSection
	GlobalSection(SolutionProperties) = preSolution
		HideSolutionNode = FALSE
	EndGlobalSection
	GlobalSection(ExtensibilityGlobals) = postSolution
		SolutionGuid = {70B950DE-232B-404D-B970-8396766501B5}
	EndGlobalSection
EndGlobal
